<?xml version="1.0" encoding="UTF-8"?>
<!DOCTYPE plist PUBLIC "-//Apple//DTD PLIST 1.0//EN" "http://www.apple.com/DTDs/PropertyList-1.0.dtd">
<plist version="1.0">
<dict>
	<key>archiveVersion</key>
	<string>1</string>
	<key>classes</key>
	<dict/>
	<key>objectVersion</key>
	<string>46</string>
	<key>objects</key>
	<dict>
		<key>057749E490424AA8A501241D</key>
		<dict>
			<key>fileRef</key>
			<string>F25ECEABED4243EAB69138D9</string>
			<key>isa</key>
			<string>PBXBuildFile</string>
		</dict>
		<key>0660668418522E7900E780FC</key>
		<dict>
			<key>children</key>
			<array>
				<string>0660669618522E7900E780FC</string>
				<string>066066C918522EBB00E780FC</string>
				<string>0698CAB51852432D007AF442</string>
				<string>0698CACB18524359007AF442</string>
				<string>0660668F18522E7900E780FC</string>
				<string>0660668E18522E7900E780FC</string>
				<string>25F2A6F3033245FE9EA4ADD0</string>
				<string>35E2D41179244AC5B8C0F58D</string>
				<string>C1501DB3125E466884A8007F</string>
			</array>
			<key>isa</key>
			<string>PBXGroup</string>
			<key>sourceTree</key>
			<string>&lt;group&gt;</string>
		</dict>
		<key>0660668518522E7900E780FC</key>
		<dict>
			<key>attributes</key>
			<dict>
				<key>LastUpgradeCheck</key>
				<string>0500</string>
				<key>ORGANIZATIONNAME</key>
				<string>Morsel</string>
				<key>TargetAttributes</key>
				<dict>
					<key>0698CAB01852432D007AF442</key>
					<dict>
						<key>TestTargetID</key>
						<string>0660668C18522E7900E780FC</string>
					</dict>
					<key>0698CAC618524359007AF442</key>
					<dict>
						<key>TestTargetID</key>
						<string>0660668C18522E7900E780FC</string>
					</dict>
				</dict>
			</dict>
			<key>buildConfigurationList</key>
			<string>0660668818522E7900E780FC</string>
			<key>compatibilityVersion</key>
			<string>Xcode 3.2</string>
			<key>developmentRegion</key>
			<string>English</string>
			<key>hasScannedForEncodings</key>
			<string>0</string>
			<key>isa</key>
			<string>PBXProject</string>
			<key>knownRegions</key>
			<array>
				<string>en</string>
				<string>Base</string>
			</array>
			<key>mainGroup</key>
			<string>0660668418522E7900E780FC</string>
			<key>productRefGroup</key>
			<string>0660668E18522E7900E780FC</string>
			<key>projectDirPath</key>
			<string></string>
			<key>projectReferences</key>
			<array/>
			<key>projectRoot</key>
			<string></string>
			<key>targets</key>
			<array>
				<string>0660668C18522E7900E780FC</string>
				<string>0698CAB01852432D007AF442</string>
				<string>0698CA85185239CC007AF442</string>
				<string>0698CAC618524359007AF442</string>
			</array>
		</dict>
		<key>0660668818522E7900E780FC</key>
		<dict>
			<key>buildConfigurations</key>
			<array>
				<string>066066C018522E7900E780FC</string>
				<string>066066C118522E7900E780FC</string>
			</array>
			<key>defaultConfigurationIsVisible</key>
			<string>0</string>
			<key>defaultConfigurationName</key>
			<string>Release</string>
			<key>isa</key>
			<string>XCConfigurationList</string>
		</dict>
		<key>0660668918522E7900E780FC</key>
		<dict>
			<key>buildActionMask</key>
			<string>2147483647</string>
			<key>files</key>
			<array>
				<string>0660669D18522E7900E780FC</string>
				<string>0698CA99185240F2007AF442</string>
				<string>0698CA8C18523A8C007AF442</string>
				<string>0698CA9518523BBE007AF442</string>
				<string>0698CA9C18524100007AF442</string>
				<string>0698CA9418523BBE007AF442</string>
			</array>
			<key>isa</key>
			<string>PBXSourcesBuildPhase</string>
			<key>runOnlyForDeploymentPostprocessing</key>
			<string>0</string>
		</dict>
		<key>0660668A18522E7900E780FC</key>
		<dict>
			<key>buildActionMask</key>
			<string>2147483647</string>
			<key>files</key>
			<array>
				<string>0660669318522E7900E780FC</string>
				<string>0660669518522E7900E780FC</string>
				<string>0660669118522E7900E780FC</string>
				<string>83193CDB90584AB6BE66EE88</string>
			</array>
			<key>isa</key>
			<string>PBXFrameworksBuildPhase</string>
			<key>runOnlyForDeploymentPostprocessing</key>
			<string>0</string>
		</dict>
		<key>0660668B18522E7900E780FC</key>
		<dict>
			<key>buildActionMask</key>
			<string>2147483647</string>
			<key>files</key>
			<array>
				<string>066066A718522E7900E780FC</string>
				<string>066066AC18522E7900E780FC</string>
				<string>066066A418522E7900E780FC</string>
				<string>0660669B18522E7900E780FC</string>
			</array>
			<key>isa</key>
			<string>PBXResourcesBuildPhase</string>
			<key>runOnlyForDeploymentPostprocessing</key>
			<string>0</string>
		</dict>
		<key>0660668C18522E7900E780FC</key>
		<dict>
			<key>buildConfigurationList</key>
			<string>066066C218522E7900E780FC</string>
			<key>buildPhases</key>
			<array>
				<string>E173818B69074B2A8591BDD8</string>
				<string>0660668918522E7900E780FC</string>
				<string>0660668A18522E7900E780FC</string>
				<string>0660668B18522E7900E780FC</string>
				<string>2D110345279C4A75AB205E62</string>
			</array>
			<key>buildRules</key>
			<array/>
			<key>dependencies</key>
			<array/>
			<key>isa</key>
			<string>PBXNativeTarget</string>
			<key>name</key>
			<string>Morsel</string>
			<key>productName</key>
			<string>Morsel</string>
			<key>productReference</key>
			<string>0660668D18522E7900E780FC</string>
			<key>productType</key>
			<string>com.apple.product-type.application</string>
		</dict>
		<key>0660668D18522E7900E780FC</key>
		<dict>
			<key>explicitFileType</key>
			<string>wrapper.application</string>
			<key>includeInIndex</key>
			<string>0</string>
			<key>isa</key>
			<string>PBXFileReference</string>
			<key>path</key>
			<string>Morsel.app</string>
			<key>sourceTree</key>
			<string>BUILT_PRODUCTS_DIR</string>
		</dict>
		<key>0660668E18522E7900E780FC</key>
		<dict>
			<key>children</key>
			<array>
				<string>0660668D18522E7900E780FC</string>
				<string>0698CAB11852432D007AF442</string>
				<string>0698CAC718524359007AF442</string>
			</array>
			<key>isa</key>
			<string>PBXGroup</string>
			<key>name</key>
			<string>Products</string>
			<key>sourceTree</key>
			<string>&lt;group&gt;</string>
		</dict>
		<key>0660668F18522E7900E780FC</key>
		<dict>
			<key>children</key>
			<array>
				<string>0660669018522E7900E780FC</string>
				<string>0660669218522E7900E780FC</string>
				<string>0660669418522E7900E780FC</string>
				<string>066066B218522E7900E780FC</string>
				<string>4D39BCA7E9BC46D8914312A8</string>
				<string>85BAA024FEB848BEB18EFEBB</string>
				<string>F25ECEABED4243EAB69138D9</string>
			</array>
			<key>isa</key>
			<string>PBXGroup</string>
			<key>name</key>
			<string>Frameworks</string>
			<key>sourceTree</key>
			<string>&lt;group&gt;</string>
		</dict>
		<key>0660669018522E7900E780FC</key>
		<dict>
			<key>isa</key>
			<string>PBXFileReference</string>
			<key>lastKnownFileType</key>
			<string>wrapper.framework</string>
			<key>name</key>
			<string>Foundation.framework</string>
			<key>path</key>
			<string>System/Library/Frameworks/Foundation.framework</string>
			<key>sourceTree</key>
			<string>SDKROOT</string>
		</dict>
		<key>0660669118522E7900E780FC</key>
		<dict>
			<key>fileRef</key>
			<string>0660669018522E7900E780FC</string>
			<key>isa</key>
			<string>PBXBuildFile</string>
		</dict>
		<key>0660669218522E7900E780FC</key>
		<dict>
			<key>isa</key>
			<string>PBXFileReference</string>
			<key>lastKnownFileType</key>
			<string>wrapper.framework</string>
			<key>name</key>
			<string>CoreGraphics.framework</string>
			<key>path</key>
			<string>System/Library/Frameworks/CoreGraphics.framework</string>
			<key>sourceTree</key>
			<string>SDKROOT</string>
		</dict>
		<key>0660669318522E7900E780FC</key>
		<dict>
			<key>fileRef</key>
			<string>0660669218522E7900E780FC</string>
			<key>isa</key>
			<string>PBXBuildFile</string>
		</dict>
		<key>0660669418522E7900E780FC</key>
		<dict>
			<key>isa</key>
			<string>PBXFileReference</string>
			<key>lastKnownFileType</key>
			<string>wrapper.framework</string>
			<key>name</key>
			<string>UIKit.framework</string>
			<key>path</key>
			<string>System/Library/Frameworks/UIKit.framework</string>
			<key>sourceTree</key>
			<string>SDKROOT</string>
		</dict>
		<key>0660669518522E7900E780FC</key>
		<dict>
			<key>fileRef</key>
			<string>0660669418522E7900E780FC</string>
			<key>isa</key>
			<string>PBXBuildFile</string>
		</dict>
		<key>0660669618522E7900E780FC</key>
		<dict>
			<key>children</key>
			<array>
				<string>0698CA8E18523BBE007AF442</string>
				<string>0698CA8D18523AE2007AF442</string>
				<string>0698CA9118523BBE007AF442</string>
				<string>066066A218522E7900E780FC</string>
				<string>066066A518522E7900E780FC</string>
				<string>066066AB18522E7900E780FC</string>
				<string>0660669718522E7900E780FC</string>
			</array>
			<key>isa</key>
			<string>PBXGroup</string>
			<key>path</key>
			<string>Morsel</string>
			<key>sourceTree</key>
			<string>&lt;group&gt;</string>
		</dict>
		<key>0660669718522E7900E780FC</key>
		<dict>
			<key>children</key>
			<array>
				<string>0660669818522E7900E780FC</string>
				<string>0660669918522E7900E780FC</string>
				<string>0660669C18522E7900E780FC</string>
				<string>0660669E18522E7900E780FC</string>
			</array>
			<key>isa</key>
			<string>PBXGroup</string>
			<key>name</key>
			<string>Supporting Files</string>
			<key>sourceTree</key>
			<string>&lt;group&gt;</string>
		</dict>
		<key>0660669818522E7900E780FC</key>
		<dict>
			<key>isa</key>
			<string>PBXFileReference</string>
			<key>lastKnownFileType</key>
			<string>text.plist.xml</string>
			<key>path</key>
			<string>Morsel-Info.plist</string>
			<key>sourceTree</key>
			<string>&lt;group&gt;</string>
		</dict>
		<key>0660669918522E7900E780FC</key>
		<dict>
			<key>children</key>
			<array>
				<string>0660669A18522E7900E780FC</string>
			</array>
			<key>isa</key>
			<string>PBXVariantGroup</string>
			<key>name</key>
			<string>InfoPlist.strings</string>
			<key>sourceTree</key>
			<string>&lt;group&gt;</string>
		</dict>
		<key>0660669A18522E7900E780FC</key>
		<dict>
			<key>isa</key>
			<string>PBXFileReference</string>
			<key>lastKnownFileType</key>
			<string>text.plist.strings</string>
			<key>name</key>
			<string>en</string>
			<key>path</key>
			<string>en.lproj/InfoPlist.strings</string>
			<key>sourceTree</key>
			<string>&lt;group&gt;</string>
		</dict>
		<key>0660669B18522E7900E780FC</key>
		<dict>
			<key>fileRef</key>
			<string>0660669918522E7900E780FC</string>
			<key>isa</key>
			<string>PBXBuildFile</string>
		</dict>
		<key>0660669C18522E7900E780FC</key>
		<dict>
			<key>isa</key>
			<string>PBXFileReference</string>
			<key>lastKnownFileType</key>
			<string>sourcecode.c.objc</string>
			<key>path</key>
			<string>main.m</string>
			<key>sourceTree</key>
			<string>&lt;group&gt;</string>
		</dict>
		<key>0660669D18522E7900E780FC</key>
		<dict>
			<key>fileRef</key>
			<string>0660669C18522E7900E780FC</string>
			<key>isa</key>
			<string>PBXBuildFile</string>
		</dict>
		<key>0660669E18522E7900E780FC</key>
		<dict>
			<key>isa</key>
			<string>PBXFileReference</string>
			<key>lastKnownFileType</key>
			<string>sourcecode.c.h</string>
			<key>path</key>
			<string>Morsel-Prefix.pch</string>
			<key>sourceTree</key>
			<string>&lt;group&gt;</string>
		</dict>
		<key>066066A218522E7900E780FC</key>
		<dict>
			<key>children</key>
			<array>
				<string>066066A318522E7900E780FC</string>
			</array>
			<key>isa</key>
			<string>PBXVariantGroup</string>
			<key>name</key>
			<string>Main_iPhone.storyboard</string>
			<key>sourceTree</key>
			<string>&lt;group&gt;</string>
		</dict>
		<key>066066A318522E7900E780FC</key>
		<dict>
			<key>isa</key>
			<string>PBXFileReference</string>
			<key>lastKnownFileType</key>
			<string>file.storyboard</string>
			<key>name</key>
			<string>Base</string>
			<key>path</key>
			<string>Base.lproj/Main_iPhone.storyboard</string>
			<key>sourceTree</key>
			<string>&lt;group&gt;</string>
		</dict>
		<key>066066A418522E7900E780FC</key>
		<dict>
			<key>fileRef</key>
			<string>066066A218522E7900E780FC</string>
			<key>isa</key>
			<string>PBXBuildFile</string>
		</dict>
		<key>066066A518522E7900E780FC</key>
		<dict>
			<key>children</key>
			<array>
				<string>066066A618522E7900E780FC</string>
			</array>
			<key>isa</key>
			<string>PBXVariantGroup</string>
			<key>name</key>
			<string>Main_iPad.storyboard</string>
			<key>sourceTree</key>
			<string>&lt;group&gt;</string>
		</dict>
		<key>066066A618522E7900E780FC</key>
		<dict>
			<key>isa</key>
			<string>PBXFileReference</string>
			<key>lastKnownFileType</key>
			<string>file.storyboard</string>
			<key>name</key>
			<string>Base</string>
			<key>path</key>
			<string>Base.lproj/Main_iPad.storyboard</string>
			<key>sourceTree</key>
			<string>&lt;group&gt;</string>
		</dict>
		<key>066066A718522E7900E780FC</key>
		<dict>
			<key>fileRef</key>
			<string>066066A518522E7900E780FC</string>
			<key>isa</key>
			<string>PBXBuildFile</string>
		</dict>
		<key>066066AB18522E7900E780FC</key>
		<dict>
			<key>isa</key>
			<string>PBXFileReference</string>
			<key>lastKnownFileType</key>
			<string>folder.assetcatalog</string>
			<key>path</key>
			<string>Images.xcassets</string>
			<key>sourceTree</key>
			<string>&lt;group&gt;</string>
		</dict>
		<key>066066AC18522E7900E780FC</key>
		<dict>
			<key>fileRef</key>
			<string>066066AB18522E7900E780FC</string>
			<key>isa</key>
			<string>PBXBuildFile</string>
		</dict>
		<key>066066B218522E7900E780FC</key>
		<dict>
			<key>isa</key>
			<string>PBXFileReference</string>
			<key>lastKnownFileType</key>
			<string>wrapper.framework</string>
			<key>name</key>
			<string>XCTest.framework</string>
			<key>path</key>
			<string>Library/Frameworks/XCTest.framework</string>
			<key>sourceTree</key>
			<string>DEVELOPER_DIR</string>
		</dict>
		<key>066066C018522E7900E780FC</key>
		<dict>
			<key>buildSettings</key>
			<dict>
				<key>ALWAYS_SEARCH_USER_PATHS</key>
				<string>NO</string>
				<key>ARCHS</key>
				<string>$(ARCHS_STANDARD_INCLUDING_64_BIT)</string>
				<key>CLANG_CXX_LANGUAGE_STANDARD</key>
				<string>gnu++0x</string>
				<key>CLANG_CXX_LIBRARY</key>
				<string>libc++</string>
				<key>CLANG_ENABLE_MODULES</key>
				<string>YES</string>
				<key>CLANG_ENABLE_OBJC_ARC</key>
				<string>YES</string>
				<key>CLANG_WARN_BOOL_CONVERSION</key>
				<string>YES</string>
				<key>CLANG_WARN_CONSTANT_CONVERSION</key>
				<string>YES</string>
				<key>CLANG_WARN_DIRECT_OBJC_ISA_USAGE</key>
				<string>YES_ERROR</string>
				<key>CLANG_WARN_EMPTY_BODY</key>
				<string>YES</string>
				<key>CLANG_WARN_ENUM_CONVERSION</key>
				<string>YES</string>
				<key>CLANG_WARN_INT_CONVERSION</key>
				<string>YES</string>
				<key>CLANG_WARN_OBJC_ROOT_CLASS</key>
				<string>YES_ERROR</string>
				<key>CLANG_WARN__DUPLICATE_METHOD_MATCH</key>
				<string>YES</string>
				<key>CODE_SIGN_IDENTITY[sdk=iphoneos*]</key>
				<string>iPhone Developer</string>
				<key>COPY_PHASE_STRIP</key>
				<string>NO</string>
				<key>GCC_C_LANGUAGE_STANDARD</key>
				<string>gnu99</string>
				<key>GCC_DYNAMIC_NO_PIC</key>
				<string>NO</string>
				<key>GCC_OPTIMIZATION_LEVEL</key>
				<string>0</string>
				<key>GCC_PREPROCESSOR_DEFINITIONS</key>
				<array>
					<string>DEBUG=1</string>
					<string>$(inherited)</string>
				</array>
				<key>GCC_SYMBOLS_PRIVATE_EXTERN</key>
				<string>NO</string>
				<key>GCC_WARN_64_TO_32_BIT_CONVERSION</key>
				<string>YES</string>
				<key>GCC_WARN_ABOUT_RETURN_TYPE</key>
				<string>YES_ERROR</string>
				<key>GCC_WARN_UNDECLARED_SELECTOR</key>
				<string>YES</string>
				<key>GCC_WARN_UNINITIALIZED_AUTOS</key>
				<string>YES</string>
				<key>GCC_WARN_UNUSED_FUNCTION</key>
				<string>YES</string>
				<key>GCC_WARN_UNUSED_VARIABLE</key>
				<string>YES</string>
				<key>IPHONEOS_DEPLOYMENT_TARGET</key>
				<string>7.0</string>
				<key>ONLY_ACTIVE_ARCH</key>
				<string>YES</string>
				<key>SDKROOT</key>
				<string>iphoneos</string>
				<key>TARGETED_DEVICE_FAMILY</key>
				<string>1,2</string>
			</dict>
			<key>isa</key>
			<string>XCBuildConfiguration</string>
			<key>name</key>
			<string>Debug</string>
		</dict>
		<key>066066C118522E7900E780FC</key>
		<dict>
			<key>buildSettings</key>
			<dict>
				<key>ALWAYS_SEARCH_USER_PATHS</key>
				<string>NO</string>
				<key>ARCHS</key>
				<string>$(ARCHS_STANDARD_INCLUDING_64_BIT)</string>
				<key>CLANG_CXX_LANGUAGE_STANDARD</key>
				<string>gnu++0x</string>
				<key>CLANG_CXX_LIBRARY</key>
				<string>libc++</string>
				<key>CLANG_ENABLE_MODULES</key>
				<string>YES</string>
				<key>CLANG_ENABLE_OBJC_ARC</key>
				<string>YES</string>
				<key>CLANG_WARN_BOOL_CONVERSION</key>
				<string>YES</string>
				<key>CLANG_WARN_CONSTANT_CONVERSION</key>
				<string>YES</string>
				<key>CLANG_WARN_DIRECT_OBJC_ISA_USAGE</key>
				<string>YES_ERROR</string>
				<key>CLANG_WARN_EMPTY_BODY</key>
				<string>YES</string>
				<key>CLANG_WARN_ENUM_CONVERSION</key>
				<string>YES</string>
				<key>CLANG_WARN_INT_CONVERSION</key>
				<string>YES</string>
				<key>CLANG_WARN_OBJC_ROOT_CLASS</key>
				<string>YES_ERROR</string>
				<key>CLANG_WARN__DUPLICATE_METHOD_MATCH</key>
				<string>YES</string>
				<key>CODE_SIGN_IDENTITY[sdk=iphoneos*]</key>
				<string>iPhone Developer</string>
				<key>COPY_PHASE_STRIP</key>
				<string>YES</string>
				<key>ENABLE_NS_ASSERTIONS</key>
				<string>NO</string>
				<key>GCC_C_LANGUAGE_STANDARD</key>
				<string>gnu99</string>
				<key>GCC_WARN_64_TO_32_BIT_CONVERSION</key>
				<string>YES</string>
				<key>GCC_WARN_ABOUT_RETURN_TYPE</key>
				<string>YES_ERROR</string>
				<key>GCC_WARN_UNDECLARED_SELECTOR</key>
				<string>YES</string>
				<key>GCC_WARN_UNINITIALIZED_AUTOS</key>
				<string>YES</string>
				<key>GCC_WARN_UNUSED_FUNCTION</key>
				<string>YES</string>
				<key>GCC_WARN_UNUSED_VARIABLE</key>
				<string>YES</string>
				<key>IPHONEOS_DEPLOYMENT_TARGET</key>
				<string>7.0</string>
				<key>SDKROOT</key>
				<string>iphoneos</string>
				<key>TARGETED_DEVICE_FAMILY</key>
				<string>1,2</string>
				<key>VALIDATE_PRODUCT</key>
				<string>YES</string>
			</dict>
			<key>isa</key>
			<string>XCBuildConfiguration</string>
			<key>name</key>
			<string>Release</string>
		</dict>
		<key>066066C218522E7900E780FC</key>
		<dict>
			<key>buildConfigurations</key>
			<array>
				<string>066066C318522E7900E780FC</string>
				<string>066066C418522E7900E780FC</string>
			</array>
			<key>defaultConfigurationIsVisible</key>
			<string>0</string>
			<key>defaultConfigurationName</key>
			<string>Release</string>
			<key>isa</key>
			<string>XCConfigurationList</string>
		</dict>
		<key>066066C318522E7900E780FC</key>
		<dict>
			<key>baseConfigurationReference</key>
			<string>25F2A6F3033245FE9EA4ADD0</string>
			<key>buildSettings</key>
			<dict>
				<key>ASSETCATALOG_COMPILER_APPICON_NAME</key>
				<string>AppIcon</string>
				<key>ASSETCATALOG_COMPILER_LAUNCHIMAGE_NAME</key>
				<string>LaunchImage</string>
				<key>GCC_PRECOMPILE_PREFIX_HEADER</key>
				<string>YES</string>
				<key>GCC_PREFIX_HEADER</key>
				<string>Morsel/Morsel-Prefix.pch</string>
				<key>INFOPLIST_FILE</key>
				<string>Morsel/Morsel-Info.plist</string>
				<key>PRODUCT_NAME</key>
				<string>$(TARGET_NAME)</string>
				<key>WRAPPER_EXTENSION</key>
				<string>app</string>
			</dict>
			<key>isa</key>
			<string>XCBuildConfiguration</string>
			<key>name</key>
			<string>Debug</string>
		</dict>
		<key>066066C418522E7900E780FC</key>
		<dict>
			<key>baseConfigurationReference</key>
			<string>25F2A6F3033245FE9EA4ADD0</string>
			<key>buildSettings</key>
			<dict>
				<key>ASSETCATALOG_COMPILER_APPICON_NAME</key>
				<string>AppIcon</string>
				<key>ASSETCATALOG_COMPILER_LAUNCHIMAGE_NAME</key>
				<string>LaunchImage</string>
				<key>GCC_PRECOMPILE_PREFIX_HEADER</key>
				<string>YES</string>
				<key>GCC_PREFIX_HEADER</key>
				<string>Morsel/Morsel-Prefix.pch</string>
				<key>INFOPLIST_FILE</key>
				<string>Morsel/Morsel-Info.plist</string>
				<key>PRODUCT_NAME</key>
				<string>$(TARGET_NAME)</string>
				<key>WRAPPER_EXTENSION</key>
				<string>app</string>
			</dict>
			<key>isa</key>
			<string>XCBuildConfiguration</string>
			<key>name</key>
			<string>Release</string>
		</dict>
		<key>066066C918522EBB00E780FC</key>
		<dict>
			<key>children</key>
			<array/>
			<key>isa</key>
			<string>PBXGroup</string>
			<key>name</key>
			<string>Libraries</string>
			<key>sourceTree</key>
			<string>&lt;group&gt;</string>
		</dict>
		<key>0698CA85185239CC007AF442</key>
		<dict>
			<key>buildConfigurationList</key>
			<string>0698CA86185239CD007AF442</string>
			<key>buildPhases</key>
			<array>
				<string>0698CA89185239FE007AF442</string>
			</array>
			<key>dependencies</key>
			<array/>
			<key>isa</key>
			<string>PBXAggregateTarget</string>
			<key>name</key>
			<string>Mogenerator</string>
			<key>productName</key>
			<string>Mogenerator</string>
		</dict>
		<key>0698CA86185239CD007AF442</key>
		<dict>
			<key>buildConfigurations</key>
			<array>
				<string>0698CA87185239CD007AF442</string>
				<string>0698CA88185239CD007AF442</string>
			</array>
			<key>defaultConfigurationIsVisible</key>
			<string>0</string>
			<key>isa</key>
			<string>XCConfigurationList</string>
		</dict>
		<key>0698CA87185239CD007AF442</key>
		<dict>
			<key>buildSettings</key>
			<dict>
				<key>PRODUCT_NAME</key>
				<string>$(TARGET_NAME)</string>
			</dict>
			<key>isa</key>
			<string>XCBuildConfiguration</string>
			<key>name</key>
			<string>Debug</string>
		</dict>
		<key>0698CA88185239CD007AF442</key>
		<dict>
			<key>buildSettings</key>
			<dict>
				<key>PRODUCT_NAME</key>
				<string>$(TARGET_NAME)</string>
			</dict>
			<key>isa</key>
			<string>XCBuildConfiguration</string>
			<key>name</key>
			<string>Release</string>
		</dict>
		<key>0698CA89185239FE007AF442</key>
		<dict>
			<key>buildActionMask</key>
			<string>2147483647</string>
			<key>files</key>
			<array/>
			<key>inputPaths</key>
			<array/>
			<key>isa</key>
			<string>PBXShellScriptBuildPhase</string>
			<key>outputPaths</key>
			<array/>
			<key>runOnlyForDeploymentPostprocessing</key>
			<string>0</string>
			<key>shellPath</key>
			<string>/bin/sh</string>
			<key>shellScript</key>
			<string>command -v /usr/local/bin/mogenerator &gt; /dev/null 2&gt;&amp;1 || { echo &gt;&amp;2 "mogenerator is not installed. Run 'brew install mogenerator' and try again."; exit 1; }

cd $PROJECT_DIR/$PROJECT_NAME/Source/Models

/usr/local/bin/mogenerator \
--model "$PROJECT_NAME.xcdatamodeld/Morsel.xcdatamodel"/ \
--human-dir $PROJECT_DIR/$PROJECT_NAME/Source/Models \
--machine-dir $PROJECT_DIR/$PROJECT_NAME/Source/Models/Generated \
--template-var arc=true</string>
			<key>showEnvVarsInLog</key>
			<string>0</string>
		</dict>
		<key>0698CA8A18523A8C007AF442</key>
		<dict>
			<key>children</key>
			<array>
				<string>0698CA8B18523A8C007AF442</string>
			</array>
			<key>currentVersion</key>
			<string>0698CA8B18523A8C007AF442</string>
			<key>isa</key>
			<string>XCVersionGroup</string>
			<key>name</key>
			<string>Morsel.xcdatamodeld</string>
			<key>path</key>
			<string>Source/Models/Morsel.xcdatamodeld</string>
			<key>sourceTree</key>
			<string>&lt;group&gt;</string>
			<key>versionGroupType</key>
			<string>wrapper.xcdatamodel</string>
		</dict>
		<key>0698CA8B18523A8C007AF442</key>
		<dict>
			<key>isa</key>
			<string>PBXFileReference</string>
			<key>lastKnownFileType</key>
			<string>wrapper.xcdatamodel</string>
			<key>path</key>
			<string>Morsel.xcdatamodel</string>
			<key>sourceTree</key>
			<string>&lt;group&gt;</string>
		</dict>
		<key>0698CA8C18523A8C007AF442</key>
		<dict>
			<key>fileRef</key>
			<string>0698CA8A18523A8C007AF442</string>
			<key>isa</key>
			<string>PBXBuildFile</string>
		</dict>
		<key>0698CA8D18523AE2007AF442</key>
		<dict>
			<key>children</key>
			<array>
				<string>0698CA96185240E2007AF442</string>
				<string>0698CA97185240F2007AF442</string>
				<string>0698CA98185240F2007AF442</string>
				<string>0698CA8A18523A8C007AF442</string>
			</array>
			<key>isa</key>
			<string>PBXGroup</string>
			<key>name</key>
			<string>Models</string>
			<key>sourceTree</key>
			<string>&lt;group&gt;</string>
		</dict>
		<key>0698CA8E18523BBE007AF442</key>
		<dict>
			<key>children</key>
			<array>
				<string>0698CA8F18523BBE007AF442</string>
				<string>0698CA9018523BBE007AF442</string>
			</array>
			<key>isa</key>
			<string>PBXGroup</string>
			<key>name</key>
			<string>Application</string>
			<key>path</key>
			<string>Source/Application</string>
			<key>sourceTree</key>
			<string>&lt;group&gt;</string>
		</dict>
		<key>0698CA8F18523BBE007AF442</key>
		<dict>
			<key>fileEncoding</key>
			<string>4</string>
			<key>isa</key>
			<string>PBXFileReference</string>
			<key>lastKnownFileType</key>
			<string>sourcecode.c.h</string>
			<key>path</key>
			<string>AppDelegate.h</string>
			<key>sourceTree</key>
			<string>&lt;group&gt;</string>
		</dict>
		<key>0698CA9018523BBE007AF442</key>
		<dict>
			<key>fileEncoding</key>
			<string>4</string>
			<key>isa</key>
			<string>PBXFileReference</string>
			<key>lastKnownFileType</key>
			<string>sourcecode.c.objc</string>
			<key>path</key>
			<string>AppDelegate.m</string>
			<key>sourceTree</key>
			<string>&lt;group&gt;</string>
		</dict>
		<key>0698CA9118523BBE007AF442</key>
		<dict>
			<key>children</key>
			<array>
				<string>0698CA9218523BBE007AF442</string>
				<string>0698CA9318523BBE007AF442</string>
			</array>
			<key>isa</key>
			<string>PBXGroup</string>
			<key>name</key>
			<string>ViewControllers</string>
			<key>path</key>
			<string>Source/ViewControllers</string>
			<key>sourceTree</key>
			<string>&lt;group&gt;</string>
		</dict>
		<key>0698CA9218523BBE007AF442</key>
		<dict>
			<key>fileEncoding</key>
			<string>4</string>
			<key>isa</key>
			<string>PBXFileReference</string>
			<key>lastKnownFileType</key>
			<string>sourcecode.c.h</string>
			<key>path</key>
			<string>ViewController.h</string>
			<key>sourceTree</key>
			<string>&lt;group&gt;</string>
		</dict>
		<key>0698CA9318523BBE007AF442</key>
		<dict>
			<key>fileEncoding</key>
			<string>4</string>
			<key>isa</key>
			<string>PBXFileReference</string>
			<key>lastKnownFileType</key>
			<string>sourcecode.c.objc</string>
			<key>path</key>
			<string>ViewController.m</string>
			<key>sourceTree</key>
			<string>&lt;group&gt;</string>
		</dict>
		<key>0698CA9418523BBE007AF442</key>
		<dict>
			<key>fileRef</key>
			<string>0698CA9018523BBE007AF442</string>
			<key>isa</key>
			<string>PBXBuildFile</string>
		</dict>
		<key>0698CA9518523BBE007AF442</key>
		<dict>
			<key>fileRef</key>
			<string>0698CA9318523BBE007AF442</string>
			<key>isa</key>
			<string>PBXBuildFile</string>
		</dict>
		<key>0698CA96185240E2007AF442</key>
		<dict>
			<key>children</key>
			<array>
				<string>0698CA9A18524100007AF442</string>
				<string>0698CA9B18524100007AF442</string>
			</array>
			<key>isa</key>
			<string>PBXGroup</string>
			<key>name</key>
			<string>Generated</string>
			<key>sourceTree</key>
			<string>&lt;group&gt;</string>
		</dict>
		<key>0698CA97185240F2007AF442</key>
		<dict>
			<key>fileEncoding</key>
			<string>4</string>
			<key>isa</key>
			<string>PBXFileReference</string>
			<key>lastKnownFileType</key>
			<string>sourcecode.c.h</string>
			<key>name</key>
			<string>MRSLUser.h</string>
			<key>path</key>
			<string>Source/Models/MRSLUser.h</string>
			<key>sourceTree</key>
			<string>&lt;group&gt;</string>
		</dict>
		<key>0698CA98185240F2007AF442</key>
		<dict>
			<key>fileEncoding</key>
			<string>4</string>
			<key>isa</key>
			<string>PBXFileReference</string>
			<key>lastKnownFileType</key>
			<string>sourcecode.c.objc</string>
			<key>name</key>
			<string>MRSLUser.m</string>
			<key>path</key>
			<string>Source/Models/MRSLUser.m</string>
			<key>sourceTree</key>
			<string>&lt;group&gt;</string>
		</dict>
		<key>0698CA99185240F2007AF442</key>
		<dict>
			<key>fileRef</key>
			<string>0698CA98185240F2007AF442</string>
			<key>isa</key>
			<string>PBXBuildFile</string>
		</dict>
		<key>0698CA9A18524100007AF442</key>
		<dict>
			<key>fileEncoding</key>
			<string>4</string>
			<key>isa</key>
			<string>PBXFileReference</string>
			<key>lastKnownFileType</key>
			<string>sourcecode.c.h</string>
			<key>name</key>
			<string>_MRSLUser.h</string>
			<key>path</key>
			<string>Source/Models/Generated/_MRSLUser.h</string>
			<key>sourceTree</key>
			<string>&lt;group&gt;</string>
		</dict>
		<key>0698CA9B18524100007AF442</key>
		<dict>
			<key>fileEncoding</key>
			<string>4</string>
			<key>isa</key>
			<string>PBXFileReference</string>
			<key>lastKnownFileType</key>
			<string>sourcecode.c.objc</string>
			<key>name</key>
			<string>_MRSLUser.m</string>
			<key>path</key>
			<string>Source/Models/Generated/_MRSLUser.m</string>
			<key>sourceTree</key>
			<string>&lt;group&gt;</string>
		</dict>
		<key>0698CA9C18524100007AF442</key>
		<dict>
			<key>fileRef</key>
			<string>0698CA9B18524100007AF442</string>
			<key>isa</key>
			<string>PBXBuildFile</string>
		</dict>
		<key>0698CAAD1852432D007AF442</key>
		<dict>
			<key>buildActionMask</key>
			<string>2147483647</string>
			<key>files</key>
			<array>
				<string>0698CABC1852432D007AF442</string>
			</array>
			<key>isa</key>
			<string>PBXSourcesBuildPhase</string>
			<key>runOnlyForDeploymentPostprocessing</key>
			<string>0</string>
		</dict>
		<key>0698CAAE1852432D007AF442</key>
		<dict>
			<key>buildActionMask</key>
			<string>2147483647</string>
			<key>files</key>
			<array>
				<string>0698CAB21852432D007AF442</string>
				<string>0698CAB41852432D007AF442</string>
				<string>0698CAB31852432D007AF442</string>
				<string>057749E490424AA8A501241D</string>
			</array>
			<key>isa</key>
			<string>PBXFrameworksBuildPhase</string>
			<key>runOnlyForDeploymentPostprocessing</key>
			<string>0</string>
		</dict>
		<key>0698CAAF1852432D007AF442</key>
		<dict>
			<key>buildActionMask</key>
			<string>2147483647</string>
			<key>files</key>
			<array>
				<string>0698CABA1852432D007AF442</string>
			</array>
			<key>isa</key>
			<string>PBXResourcesBuildPhase</string>
			<key>runOnlyForDeploymentPostprocessing</key>
			<string>0</string>
		</dict>
		<key>0698CAB01852432D007AF442</key>
		<dict>
			<key>buildConfigurationList</key>
			<string>0698CAC01852432D007AF442</string>
			<key>buildPhases</key>
			<array>
				<string>FB4FD88FDF5E4921818AB432</string>
				<string>0698CAAD1852432D007AF442</string>
				<string>0698CAAE1852432D007AF442</string>
				<string>0698CAAF1852432D007AF442</string>
				<string>0D0C88280C5B4C4C98D9296F</string>
			</array>
			<key>buildRules</key>
			<array/>
			<key>dependencies</key>
			<array>
				<string>0698CABF1852432D007AF442</string>
			</array>
			<key>isa</key>
			<string>PBXNativeTarget</string>
			<key>name</key>
			<string>Morsel-Specs</string>
			<key>productName</key>
			<string>Morsel-Specs</string>
			<key>productReference</key>
			<string>0698CAB11852432D007AF442</string>
			<key>productType</key>
			<string>com.apple.product-type.bundle.unit-test</string>
		</dict>
		<key>0698CAB11852432D007AF442</key>
		<dict>
			<key>explicitFileType</key>
			<string>wrapper.cfbundle</string>
			<key>includeInIndex</key>
			<string>0</string>
			<key>isa</key>
			<string>PBXFileReference</string>
			<key>path</key>
			<string>Morsel-Specs.xctest</string>
			<key>sourceTree</key>
			<string>BUILT_PRODUCTS_DIR</string>
		</dict>
		<key>0698CAB21852432D007AF442</key>
		<dict>
			<key>fileRef</key>
			<string>066066B218522E7900E780FC</string>
			<key>isa</key>
			<string>PBXBuildFile</string>
		</dict>
		<key>0698CAB31852432D007AF442</key>
		<dict>
			<key>fileRef</key>
			<string>0660669018522E7900E780FC</string>
			<key>isa</key>
			<string>PBXBuildFile</string>
		</dict>
		<key>0698CAB41852432D007AF442</key>
		<dict>
			<key>fileRef</key>
			<string>0660669418522E7900E780FC</string>
			<key>isa</key>
			<string>PBXBuildFile</string>
		</dict>
		<key>0698CAB51852432D007AF442</key>
		<dict>
			<key>children</key>
			<array>
				<string>0698CABB1852432D007AF442</string>
				<string>0698CAB61852432D007AF442</string>
			</array>
			<key>isa</key>
			<string>PBXGroup</string>
			<key>path</key>
			<string>Morsel-Specs</string>
			<key>sourceTree</key>
			<string>&lt;group&gt;</string>
		</dict>
		<key>0698CAB61852432D007AF442</key>
		<dict>
			<key>children</key>
			<array>
				<string>0698CAB71852432D007AF442</string>
				<string>0698CAB81852432D007AF442</string>
				<string>0698CABD1852432D007AF442</string>
			</array>
			<key>isa</key>
			<string>PBXGroup</string>
			<key>name</key>
			<string>Supporting Files</string>
			<key>sourceTree</key>
			<string>&lt;group&gt;</string>
		</dict>
		<key>0698CAB71852432D007AF442</key>
		<dict>
			<key>isa</key>
			<string>PBXFileReference</string>
			<key>lastKnownFileType</key>
			<string>text.plist.xml</string>
			<key>path</key>
			<string>Morsel-Specs-Info.plist</string>
			<key>sourceTree</key>
			<string>&lt;group&gt;</string>
		</dict>
		<key>0698CAB81852432D007AF442</key>
		<dict>
			<key>children</key>
			<array>
				<string>0698CAB91852432D007AF442</string>
			</array>
			<key>isa</key>
			<string>PBXVariantGroup</string>
			<key>name</key>
			<string>InfoPlist.strings</string>
			<key>sourceTree</key>
			<string>&lt;group&gt;</string>
		</dict>
		<key>0698CAB91852432D007AF442</key>
		<dict>
			<key>isa</key>
			<string>PBXFileReference</string>
			<key>lastKnownFileType</key>
			<string>text.plist.strings</string>
			<key>name</key>
			<string>en</string>
			<key>path</key>
			<string>en.lproj/InfoPlist.strings</string>
			<key>sourceTree</key>
			<string>&lt;group&gt;</string>
		</dict>
		<key>0698CABA1852432D007AF442</key>
		<dict>
			<key>fileRef</key>
			<string>0698CAB81852432D007AF442</string>
			<key>isa</key>
			<string>PBXBuildFile</string>
		</dict>
		<key>0698CABB1852432D007AF442</key>
		<dict>
			<key>isa</key>
			<string>PBXFileReference</string>
			<key>lastKnownFileType</key>
			<string>sourcecode.c.objc</string>
			<key>path</key>
			<string>Morsel_Specs.m</string>
			<key>sourceTree</key>
			<string>&lt;group&gt;</string>
		</dict>
		<key>0698CABC1852432D007AF442</key>
		<dict>
			<key>fileRef</key>
			<string>0698CABB1852432D007AF442</string>
			<key>isa</key>
			<string>PBXBuildFile</string>
		</dict>
		<key>0698CABD1852432D007AF442</key>
		<dict>
			<key>isa</key>
			<string>PBXFileReference</string>
			<key>lastKnownFileType</key>
			<string>sourcecode.c.h</string>
			<key>path</key>
			<string>Morsel-Specs-Prefix.pch</string>
			<key>sourceTree</key>
			<string>&lt;group&gt;</string>
		</dict>
		<key>0698CABE1852432D007AF442</key>
		<dict>
			<key>containerPortal</key>
			<string>0660668518522E7900E780FC</string>
			<key>isa</key>
			<string>PBXContainerItemProxy</string>
			<key>proxyType</key>
			<string>1</string>
			<key>remoteGlobalIDString</key>
			<string>0660668C18522E7900E780FC</string>
			<key>remoteInfo</key>
			<string>Morsel</string>
		</dict>
		<key>0698CABF1852432D007AF442</key>
		<dict>
			<key>isa</key>
			<string>PBXTargetDependency</string>
			<key>target</key>
			<string>0660668C18522E7900E780FC</string>
			<key>targetProxy</key>
			<string>0698CABE1852432D007AF442</string>
		</dict>
		<key>0698CAC01852432D007AF442</key>
		<dict>
			<key>buildConfigurations</key>
			<array>
				<string>0698CAC11852432D007AF442</string>
				<string>0698CAC21852432D007AF442</string>
			</array>
			<key>defaultConfigurationIsVisible</key>
			<string>0</string>
			<key>isa</key>
			<string>XCConfigurationList</string>
		</dict>
		<key>0698CAC11852432D007AF442</key>
		<dict>
			<key>baseConfigurationReference</key>
			<string>C1501DB3125E466884A8007F</string>
			<key>buildSettings</key>
			<dict>
				<key>ARCHS</key>
				<string>$(ARCHS_STANDARD_INCLUDING_64_BIT)</string>
				<key>BUNDLE_LOADER</key>
				<string>$(BUILT_PRODUCTS_DIR)/Morsel.app/Morsel</string>
				<key>FRAMEWORK_SEARCH_PATHS</key>
				<array>
					<string>$(SDKROOT)/Developer/Library/Frameworks</string>
					<string>$(inherited)</string>
					<string>$(DEVELOPER_FRAMEWORKS_DIR)</string>
				</array>
				<key>GCC_PRECOMPILE_PREFIX_HEADER</key>
				<string>YES</string>
				<key>GCC_PREFIX_HEADER</key>
				<string>Morsel-Specs/Morsel-Specs-Prefix.pch</string>
				<key>GCC_PREPROCESSOR_DEFINITIONS</key>
				<array>
					<string>DEBUG=1</string>
					<string>$(inherited)</string>
				</array>
				<key>INFOPLIST_FILE</key>
				<string>Morsel-Specs/Morsel-Specs-Info.plist</string>
				<key>PRODUCT_NAME</key>
				<string>$(TARGET_NAME)</string>
				<key>TEST_HOST</key>
				<string>$(BUNDLE_LOADER)</string>
				<key>WRAPPER_EXTENSION</key>
				<string>xctest</string>
			</dict>
			<key>isa</key>
			<string>XCBuildConfiguration</string>
			<key>name</key>
			<string>Debug</string>
		</dict>
		<key>0698CAC21852432D007AF442</key>
		<dict>
			<key>baseConfigurationReference</key>
			<string>C1501DB3125E466884A8007F</string>
			<key>buildSettings</key>
			<dict>
				<key>ARCHS</key>
				<string>$(ARCHS_STANDARD_INCLUDING_64_BIT)</string>
				<key>BUNDLE_LOADER</key>
				<string>$(BUILT_PRODUCTS_DIR)/Morsel.app/Morsel</string>
				<key>FRAMEWORK_SEARCH_PATHS</key>
				<array>
					<string>$(SDKROOT)/Developer/Library/Frameworks</string>
					<string>$(inherited)</string>
					<string>$(DEVELOPER_FRAMEWORKS_DIR)</string>
				</array>
				<key>GCC_PRECOMPILE_PREFIX_HEADER</key>
				<string>YES</string>
				<key>GCC_PREFIX_HEADER</key>
				<string>Morsel-Specs/Morsel-Specs-Prefix.pch</string>
				<key>INFOPLIST_FILE</key>
				<string>Morsel-Specs/Morsel-Specs-Info.plist</string>
				<key>PRODUCT_NAME</key>
				<string>$(TARGET_NAME)</string>
				<key>TEST_HOST</key>
				<string>$(BUNDLE_LOADER)</string>
				<key>WRAPPER_EXTENSION</key>
				<string>xctest</string>
			</dict>
			<key>isa</key>
			<string>XCBuildConfiguration</string>
			<key>name</key>
			<string>Release</string>
		</dict>
		<key>0698CAC318524359007AF442</key>
		<dict>
			<key>buildActionMask</key>
			<string>2147483647</string>
			<key>files</key>
			<array>
				<string>0698CAD218524359007AF442</string>
			</array>
			<key>isa</key>
			<string>PBXSourcesBuildPhase</string>
			<key>runOnlyForDeploymentPostprocessing</key>
			<string>0</string>
		</dict>
		<key>0698CAC418524359007AF442</key>
		<dict>
			<key>buildActionMask</key>
			<string>2147483647</string>
			<key>files</key>
			<array>
				<string>0698CAC818524359007AF442</string>
				<string>0698CACA18524359007AF442</string>
				<string>0698CAC918524359007AF442</string>
				<string>F74BE655C47B487989CEC74D</string>
			</array>
			<key>isa</key>
			<string>PBXFrameworksBuildPhase</string>
			<key>runOnlyForDeploymentPostprocessing</key>
			<string>0</string>
		</dict>
		<key>0698CAC518524359007AF442</key>
		<dict>
			<key>buildActionMask</key>
			<string>2147483647</string>
			<key>files</key>
			<array>
				<string>0698CAD018524359007AF442</string>
			</array>
			<key>isa</key>
			<string>PBXResourcesBuildPhase</string>
			<key>runOnlyForDeploymentPostprocessing</key>
			<string>0</string>
		</dict>
		<key>0698CAC618524359007AF442</key>
		<dict>
			<key>buildConfigurationList</key>
			<string>0698CAD618524359007AF442</string>
			<key>buildPhases</key>
			<array>
				<string>5361A47E7D614D63B40E5478</string>
				<string>0698CAC318524359007AF442</string>
				<string>0698CAC418524359007AF442</string>
				<string>0698CAC518524359007AF442</string>
				<string>8EF0B3A3A66F4440AF137FC7</string>
			</array>
			<key>buildRules</key>
			<array/>
			<key>dependencies</key>
			<array>
				<string>0698CAD518524359007AF442</string>
			</array>
			<key>isa</key>
			<string>PBXNativeTarget</string>
			<key>name</key>
			<string>Morsel-Integration</string>
			<key>productName</key>
			<string>Morsel-Integration</string>
			<key>productReference</key>
			<string>0698CAC718524359007AF442</string>
			<key>productType</key>
			<string>com.apple.product-type.bundle.unit-test</string>
		</dict>
		<key>0698CAC718524359007AF442</key>
		<dict>
			<key>explicitFileType</key>
			<string>wrapper.cfbundle</string>
			<key>includeInIndex</key>
			<string>0</string>
			<key>isa</key>
			<string>PBXFileReference</string>
			<key>path</key>
			<string>Morsel-Integration.xctest</string>
			<key>sourceTree</key>
			<string>BUILT_PRODUCTS_DIR</string>
		</dict>
		<key>0698CAC818524359007AF442</key>
		<dict>
			<key>fileRef</key>
			<string>066066B218522E7900E780FC</string>
			<key>isa</key>
			<string>PBXBuildFile</string>
		</dict>
		<key>0698CAC918524359007AF442</key>
		<dict>
			<key>fileRef</key>
			<string>0660669018522E7900E780FC</string>
			<key>isa</key>
			<string>PBXBuildFile</string>
		</dict>
		<key>0698CACA18524359007AF442</key>
		<dict>
			<key>fileRef</key>
			<string>0660669418522E7900E780FC</string>
			<key>isa</key>
			<string>PBXBuildFile</string>
		</dict>
		<key>0698CACB18524359007AF442</key>
		<dict>
			<key>children</key>
			<array>
				<string>0698CAD118524359007AF442</string>
				<string>0698CACC18524359007AF442</string>
			</array>
			<key>isa</key>
			<string>PBXGroup</string>
			<key>path</key>
			<string>Morsel-Integration</string>
			<key>sourceTree</key>
			<string>&lt;group&gt;</string>
		</dict>
		<key>0698CACC18524359007AF442</key>
		<dict>
			<key>children</key>
			<array>
				<string>0698CACD18524359007AF442</string>
				<string>0698CACE18524359007AF442</string>
				<string>0698CAD318524359007AF442</string>
			</array>
			<key>isa</key>
			<string>PBXGroup</string>
			<key>name</key>
			<string>Supporting Files</string>
			<key>sourceTree</key>
			<string>&lt;group&gt;</string>
		</dict>
		<key>0698CACD18524359007AF442</key>
		<dict>
			<key>isa</key>
			<string>PBXFileReference</string>
			<key>lastKnownFileType</key>
			<string>text.plist.xml</string>
			<key>path</key>
			<string>Morsel-Integration-Info.plist</string>
			<key>sourceTree</key>
			<string>&lt;group&gt;</string>
		</dict>
		<key>0698CACE18524359007AF442</key>
		<dict>
			<key>children</key>
			<array>
				<string>0698CACF18524359007AF442</string>
			</array>
			<key>isa</key>
			<string>PBXVariantGroup</string>
			<key>name</key>
			<string>InfoPlist.strings</string>
			<key>sourceTree</key>
			<string>&lt;group&gt;</string>
		</dict>
		<key>0698CACF18524359007AF442</key>
		<dict>
			<key>isa</key>
			<string>PBXFileReference</string>
			<key>lastKnownFileType</key>
			<string>text.plist.strings</string>
			<key>name</key>
			<string>en</string>
			<key>path</key>
			<string>en.lproj/InfoPlist.strings</string>
			<key>sourceTree</key>
			<string>&lt;group&gt;</string>
		</dict>
		<key>0698CAD018524359007AF442</key>
		<dict>
			<key>fileRef</key>
			<string>0698CACE18524359007AF442</string>
			<key>isa</key>
			<string>PBXBuildFile</string>
		</dict>
		<key>0698CAD118524359007AF442</key>
		<dict>
			<key>isa</key>
			<string>PBXFileReference</string>
			<key>lastKnownFileType</key>
			<string>sourcecode.c.objc</string>
			<key>path</key>
			<string>Morsel_Integration.m</string>
			<key>sourceTree</key>
			<string>&lt;group&gt;</string>
		</dict>
		<key>0698CAD218524359007AF442</key>
		<dict>
			<key>fileRef</key>
			<string>0698CAD118524359007AF442</string>
			<key>isa</key>
			<string>PBXBuildFile</string>
		</dict>
		<key>0698CAD318524359007AF442</key>
		<dict>
			<key>isa</key>
			<string>PBXFileReference</string>
			<key>lastKnownFileType</key>
			<string>sourcecode.c.h</string>
			<key>path</key>
			<string>Morsel-Integration-Prefix.pch</string>
			<key>sourceTree</key>
			<string>&lt;group&gt;</string>
		</dict>
		<key>0698CAD418524359007AF442</key>
		<dict>
			<key>containerPortal</key>
			<string>0660668518522E7900E780FC</string>
			<key>isa</key>
			<string>PBXContainerItemProxy</string>
			<key>proxyType</key>
			<string>1</string>
			<key>remoteGlobalIDString</key>
			<string>0660668C18522E7900E780FC</string>
			<key>remoteInfo</key>
			<string>Morsel</string>
		</dict>
		<key>0698CAD518524359007AF442</key>
		<dict>
			<key>isa</key>
			<string>PBXTargetDependency</string>
			<key>target</key>
			<string>0660668C18522E7900E780FC</string>
			<key>targetProxy</key>
			<string>0698CAD418524359007AF442</string>
		</dict>
		<key>0698CAD618524359007AF442</key>
		<dict>
			<key>buildConfigurations</key>
			<array>
				<string>0698CAD718524359007AF442</string>
				<string>0698CAD818524359007AF442</string>
			</array>
			<key>defaultConfigurationIsVisible</key>
			<string>0</string>
			<key>isa</key>
			<string>XCConfigurationList</string>
		</dict>
		<key>0698CAD718524359007AF442</key>
		<dict>
			<key>baseConfigurationReference</key>
			<string>35E2D41179244AC5B8C0F58D</string>
			<key>buildSettings</key>
			<dict>
				<key>ARCHS</key>
				<string>$(ARCHS_STANDARD_INCLUDING_64_BIT)</string>
				<key>BUNDLE_LOADER</key>
				<string>$(BUILT_PRODUCTS_DIR)/Morsel.app/Morsel</string>
				<key>FRAMEWORK_SEARCH_PATHS</key>
				<array>
					<string>$(SDKROOT)/Developer/Library/Frameworks</string>
					<string>$(inherited)</string>
					<string>$(DEVELOPER_FRAMEWORKS_DIR)</string>
				</array>
				<key>GCC_PRECOMPILE_PREFIX_HEADER</key>
				<string>YES</string>
				<key>GCC_PREFIX_HEADER</key>
				<string>Morsel-Integration/Morsel-Integration-Prefix.pch</string>
				<key>GCC_PREPROCESSOR_DEFINITIONS</key>
				<array>
					<string>DEBUG=1</string>
					<string>$(inherited)</string>
				</array>
				<key>INFOPLIST_FILE</key>
				<string>Morsel-Integration/Morsel-Integration-Info.plist</string>
				<key>PRODUCT_NAME</key>
				<string>$(TARGET_NAME)</string>
				<key>TEST_HOST</key>
				<string>$(BUNDLE_LOADER)</string>
				<key>WRAPPER_EXTENSION</key>
				<string>xctest</string>
			</dict>
			<key>isa</key>
			<string>XCBuildConfiguration</string>
			<key>name</key>
			<string>Debug</string>
		</dict>
		<key>0698CAD818524359007AF442</key>
		<dict>
			<key>baseConfigurationReference</key>
			<string>35E2D41179244AC5B8C0F58D</string>
			<key>buildSettings</key>
			<dict>
				<key>ARCHS</key>
				<string>$(ARCHS_STANDARD_INCLUDING_64_BIT)</string>
				<key>BUNDLE_LOADER</key>
				<string>$(BUILT_PRODUCTS_DIR)/Morsel.app/Morsel</string>
				<key>FRAMEWORK_SEARCH_PATHS</key>
				<array>
					<string>$(SDKROOT)/Developer/Library/Frameworks</string>
					<string>$(inherited)</string>
					<string>$(DEVELOPER_FRAMEWORKS_DIR)</string>
				</array>
				<key>GCC_PRECOMPILE_PREFIX_HEADER</key>
				<string>YES</string>
				<key>GCC_PREFIX_HEADER</key>
				<string>Morsel-Integration/Morsel-Integration-Prefix.pch</string>
				<key>INFOPLIST_FILE</key>
				<string>Morsel-Integration/Morsel-Integration-Info.plist</string>
				<key>PRODUCT_NAME</key>
				<string>$(TARGET_NAME)</string>
				<key>TEST_HOST</key>
				<string>$(BUNDLE_LOADER)</string>
				<key>WRAPPER_EXTENSION</key>
				<string>xctest</string>
			</dict>
			<key>isa</key>
			<string>XCBuildConfiguration</string>
			<key>name</key>
			<string>Release</string>
		</dict>
		<key>0D0C88280C5B4C4C98D9296F</key>
		<dict>
			<key>buildActionMask</key>
			<string>2147483647</string>
			<key>files</key>
			<array/>
			<key>inputPaths</key>
			<array/>
			<key>isa</key>
			<string>PBXShellScriptBuildPhase</string>
			<key>name</key>
			<string>Copy Pods Resources</string>
			<key>outputPaths</key>
			<array/>
			<key>runOnlyForDeploymentPostprocessing</key>
			<string>0</string>
			<key>shellPath</key>
			<string>/bin/sh</string>
			<key>shellScript</key>
			<string>"${SRCROOT}/../Pods/Pods-Morsel-Specs-resources.sh"
</string>
			<key>showEnvVarsInLog</key>
			<string>0</string>
		</dict>
		<key>25F2A6F3033245FE9EA4ADD0</key>
		<dict>
			<key>includeInIndex</key>
			<string>1</string>
			<key>isa</key>
			<string>PBXFileReference</string>
			<key>lastKnownFileType</key>
			<string>text.xcconfig</string>
			<key>name</key>
			<string>Pods.xcconfig</string>
			<key>path</key>
			<string>../Pods/Pods.xcconfig</string>
			<key>sourceTree</key>
			<string>&lt;group&gt;</string>
		</dict>
		<key>2D110345279C4A75AB205E62</key>
		<dict>
			<key>buildActionMask</key>
			<string>2147483647</string>
			<key>files</key>
			<array/>
			<key>inputPaths</key>
			<array/>
			<key>isa</key>
			<string>PBXShellScriptBuildPhase</string>
			<key>name</key>
			<string>Copy Pods Resources</string>
			<key>outputPaths</key>
			<array/>
			<key>runOnlyForDeploymentPostprocessing</key>
			<string>0</string>
			<key>shellPath</key>
			<string>/bin/sh</string>
			<key>shellScript</key>
			<string>"${SRCROOT}/../Pods/Pods-resources.sh"
</string>
			<key>showEnvVarsInLog</key>
			<string>0</string>
		</dict>
		<key>35E2D41179244AC5B8C0F58D</key>
		<dict>
			<key>includeInIndex</key>
			<string>1</string>
			<key>isa</key>
			<string>PBXFileReference</string>
			<key>lastKnownFileType</key>
			<string>text.xcconfig</string>
			<key>name</key>
			<string>Pods-Morsel-Integration.xcconfig</string>
			<key>path</key>
			<string>../Pods/Pods-Morsel-Integration.xcconfig</string>
			<key>sourceTree</key>
			<string>&lt;group&gt;</string>
		</dict>
		<key>4D39BCA7E9BC46D8914312A8</key>
		<dict>
			<key>explicitFileType</key>
			<string>archive.ar</string>
			<key>includeInIndex</key>
			<string>0</string>
			<key>isa</key>
			<string>PBXFileReference</string>
			<key>path</key>
			<string>libPods.a</string>
			<key>sourceTree</key>
			<string>BUILT_PRODUCTS_DIR</string>
		</dict>
		<key>5361A47E7D614D63B40E5478</key>
		<dict>
			<key>buildActionMask</key>
			<string>2147483647</string>
			<key>files</key>
			<array/>
			<key>inputPaths</key>
			<array/>
			<key>isa</key>
			<string>PBXShellScriptBuildPhase</string>
			<key>name</key>
			<string>Check Pods Manifest.lock</string>
			<key>outputPaths</key>
			<array/>
			<key>runOnlyForDeploymentPostprocessing</key>
			<string>0</string>
			<key>shellPath</key>
			<string>/bin/sh</string>
			<key>shellScript</key>
			<string>diff "${PODS_ROOT}/../Podfile.lock" "${PODS_ROOT}/Manifest.lock" &gt; /dev/null
if [[ $? != 0 ]] ; then
    cat &lt;&lt; EOM
error: The sandbox is not in sync with the Podfile.lock. Run 'pod install' or update your CocoaPods installation.
EOM
    exit 1
fi
</string>
			<key>showEnvVarsInLog</key>
			<string>0</string>
		</dict>
		<key>83193CDB90584AB6BE66EE88</key>
		<dict>
			<key>fileRef</key>
			<string>4D39BCA7E9BC46D8914312A8</string>
			<key>isa</key>
			<string>PBXBuildFile</string>
		</dict>
		<key>85BAA024FEB848BEB18EFEBB</key>
		<dict>
			<key>explicitFileType</key>
			<string>archive.ar</string>
			<key>includeInIndex</key>
			<string>0</string>
			<key>isa</key>
			<string>PBXFileReference</string>
			<key>path</key>
			<string>libPods-Morsel-Integration.a</string>
			<key>sourceTree</key>
			<string>BUILT_PRODUCTS_DIR</string>
		</dict>
		<key>8EF0B3A3A66F4440AF137FC7</key>
		<dict>
			<key>buildActionMask</key>
			<string>2147483647</string>
			<key>files</key>
			<array/>
			<key>inputPaths</key>
			<array/>
			<key>isa</key>
			<string>PBXShellScriptBuildPhase</string>
			<key>name</key>
			<string>Copy Pods Resources</string>
			<key>outputPaths</key>
			<array/>
			<key>runOnlyForDeploymentPostprocessing</key>
			<string>0</string>
			<key>shellPath</key>
			<string>/bin/sh</string>
			<key>shellScript</key>
			<string>"${SRCROOT}/../Pods/Pods-Morsel-Integration-resources.sh"
</string>
			<key>showEnvVarsInLog</key>
			<string>0</string>
		</dict>
		<key>C1501DB3125E466884A8007F</key>
		<dict>
			<key>includeInIndex</key>
			<string>1</string>
			<key>isa</key>
			<string>PBXFileReference</string>
			<key>lastKnownFileType</key>
			<string>text.xcconfig</string>
			<key>name</key>
			<string>Pods-Morsel-Specs.xcconfig</string>
			<key>path</key>
			<string>../Pods/Pods-Morsel-Specs.xcconfig</string>
			<key>sourceTree</key>
			<string>&lt;group&gt;</string>
		</dict>
		<key>E173818B69074B2A8591BDD8</key>
		<dict>
			<key>buildActionMask</key>
			<string>2147483647</string>
			<key>files</key>
			<array/>
			<key>inputPaths</key>
			<array/>
			<key>isa</key>
			<string>PBXShellScriptBuildPhase</string>
			<key>name</key>
			<string>Check Pods Manifest.lock</string>
			<key>outputPaths</key>
			<array/>
			<key>runOnlyForDeploymentPostprocessing</key>
			<string>0</string>
			<key>shellPath</key>
			<string>/bin/sh</string>
			<key>shellScript</key>
			<string>diff "${PODS_ROOT}/../Podfile.lock" "${PODS_ROOT}/Manifest.lock" &gt; /dev/null
if [[ $? != 0 ]] ; then
    cat &lt;&lt; EOM
error: The sandbox is not in sync with the Podfile.lock. Run 'pod install' or update your CocoaPods installation.
EOM
    exit 1
fi
</string>
			<key>showEnvVarsInLog</key>
			<string>0</string>
		</dict>
		<key>F25ECEABED4243EAB69138D9</key>
		<dict>
			<key>explicitFileType</key>
			<string>archive.ar</string>
			<key>includeInIndex</key>
			<string>0</string>
			<key>isa</key>
			<string>PBXFileReference</string>
			<key>path</key>
			<string>libPods-Morsel-Specs.a</string>
			<key>sourceTree</key>
			<string>BUILT_PRODUCTS_DIR</string>
		</dict>
		<key>F74BE655C47B487989CEC74D</key>
		<dict>
			<key>fileRef</key>
			<string>85BAA024FEB848BEB18EFEBB</string>
			<key>isa</key>
			<string>PBXBuildFile</string>
		</dict>
		<key>FB4FD88FDF5E4921818AB432</key>
		<dict>
			<key>buildActionMask</key>
			<string>2147483647</string>
			<key>files</key>
			<array/>
			<key>inputPaths</key>
			<array/>
			<key>isa</key>
			<string>PBXShellScriptBuildPhase</string>
			<key>name</key>
			<string>Check Pods Manifest.lock</string>
			<key>outputPaths</key>
			<array/>
			<key>runOnlyForDeploymentPostprocessing</key>
			<string>0</string>
			<key>shellPath</key>
			<string>/bin/sh</string>
			<key>shellScript</key>
			<string>diff "${PODS_ROOT}/../Podfile.lock" "${PODS_ROOT}/Manifest.lock" &gt; /dev/null
if [[ $? != 0 ]] ; then
    cat &lt;&lt; EOM
error: The sandbox is not in sync with the Podfile.lock. Run 'pod install' or update your CocoaPods installation.
EOM
    exit 1
fi
</string>
			<key>showEnvVarsInLog</key>
			<string>0</string>
		</dict>
	</dict>
	<key>rootObject</key>
	<string>0660668518522E7900E780FC</string>
</dict>
</plist>
