PODS:
  - AFNetworking (2.5.0):
    - AFNetworking/NSURLConnection (= 2.5.0)
    - AFNetworking/NSURLSession (= 2.5.0)
    - AFNetworking/Reachability (= 2.5.0)
    - AFNetworking/Security (= 2.5.0)
    - AFNetworking/Serialization (= 2.5.0)
    - AFNetworking/UIKit (= 2.5.0)
  - AFNetworking/NSURLConnection (2.5.0):
    - AFNetworking/Reachability
    - AFNetworking/Security
    - AFNetworking/Serialization
  - AFNetworking/NSURLSession (2.5.0):
    - AFNetworking/Reachability
    - AFNetworking/Security
    - AFNetworking/Serialization
  - AFNetworking/Reachability (2.5.0)
  - AFNetworking/Security (2.5.0)
  - AFNetworking/Serialization (2.5.0)
  - AFNetworking/UIKit (2.5.0):
    - AFNetworking/NSURLConnection
    - AFNetworking/NSURLSession
  - AFOAuth1Client (0.3.4):
    - AFNetworking (>= 2.0.3)
  - AFOAuth2Client (0.1.1):
    - AFNetworking (>= 2.0.3)
  - ALAssetsLibrary-CustomPhotoAlbum (1.2.0)
  - Bolts (1.1.3)
  - CocoaLumberjack (1.6.5.1):
    - CocoaLumberjack/Core (= 1.6.5.1)
    - CocoaLumberjack/Extensions (= 1.6.5.1)
  - CocoaLumberjack/Core (1.6.5.1)
  - CocoaLumberjack/Extensions (1.6.5.1):
    - CocoaLumberjack/Core
  - DateTools (1.4.3)
  - Facebook-iOS-SDK (3.22.0):
    - Bolts (~> 1.0)
  - FLEX (1.1.1)
  - GCPlaceholderTextView (1.0.1)
  - GPUImage (0.1.6)
  - JLRoutes (1.5.1)
  - KIF (3.1.1):
    - KIF/XCTest (= 3.1.1)
  - KIF-Kiwi (0.2.3):
    - KIF (~> 3.1.0)
    - Kiwi (~> 2.3.0)
  - KIF/XCTest (3.1.1)
  - Kiwi (2.3.1)
  - M13Checkbox (1.1.2)
  - MagicalRecord (2.2):
    - MagicalRecord/Core (= 2.2)
  - MagicalRecord/Core (2.2)
  - Mixpanel (2.6.2):
    - Mixpanel/MPCategoryHelpers (= 2.6.2)
  - Mixpanel/MPCategoryHelpers (2.6.2)
  - NSData+Base64 (1.0.0)
  - NullSafe (1.2.1)
  - NXOAuth2Client (1.2.8)
  - OAuthCore (0.0.1):
    - NSData+Base64
  - OHHTTPStubs (3.1.10):
    - OHHTTPStubs/Core (= 3.1.10)
  - OHHTTPStubs/Core (3.1.10)
  - RNActivityView (0.0.4)
  - Rollbar (0.1.2)
  - RSKImageCropper (0.3.0)
  - SDWebImage (3.7.1):
    - SDWebImage/Core (= 3.7.1)
  - SDWebImage/Core (3.7.1)
  - VCRURLConnection (0.2.0)
  - XMLDictionary (1.4)

DEPENDENCIES:
  - AFNetworking (~> 2.5)
  - AFOAuth1Client (from `https://github.com/Morsel/AFOAuth1Client`)
  - AFOAuth2Client (from `https://github.com/Morsel/AFOAuth2Client`)
  - ALAssetsLibrary-CustomPhotoAlbum (~> 1.2)
  - CocoaLumberjack (= 1.6.5.1)
  - DateTools (~> 1.4)
  - Facebook-iOS-SDK (~> 3.19)
  - FLEX (~> 1.1)
  - GCPlaceholderTextView (= 1.0.1)
  - GPUImage (~> 0.1)
  - JLRoutes (~> 1.5)
  - KIF-Kiwi (~> 0.2)
  - Kiwi (~> 2.3)
  - M13Checkbox (~> 1.1)
  - MagicalRecord (= 2.2)
  - Mixpanel (~> 2.6)
  - NullSafe (~> 1.2)
  - NXOAuth2Client (~> 1.2)
  - OAuthCore (~> 0.0)
  - OHHTTPStubs (~> 3.1)
  - RNActivityView (~> 0.0)
  - Rollbar (~> 0.1)
  - RSKImageCropper (from `https://github.com/Morsel/RSKImageCropper`)
  - SDWebImage (from `https://github.com/Morsel/SDWebImage`)
  - VCRURLConnection (from `git@github.com:dstnbrkr/VCRURLConnection.git`, commit `aa0b0fcf0e112da363e9c63d6215b216ff604614`)
  - XMLDictionary (= 1.4)

EXTERNAL SOURCES:
  AFOAuth1Client:
    :git: https://github.com/Morsel/AFOAuth1Client
  AFOAuth2Client:
    :git: https://github.com/Morsel/AFOAuth2Client
  RSKImageCropper:
    :git: https://github.com/Morsel/RSKImageCropper
  SDWebImage:
    :git: https://github.com/Morsel/SDWebImage
  VCRURLConnection:
    :commit: aa0b0fcf0e112da363e9c63d6215b216ff604614
    :git: git@github.com:dstnbrkr/VCRURLConnection.git

CHECKOUT OPTIONS:
  AFOAuth1Client:
    :commit: 59819c164835c36e4208a191edab61c1a0d358f5
    :git: https://github.com/Morsel/AFOAuth1Client
  AFOAuth2Client:
    :commit: 4b65de842cbfb07a4b29d562819202702789d525
    :git: https://github.com/Morsel/AFOAuth2Client
  RSKImageCropper:
    :commit: 59b692708791e1701afd1882f759684fe93a4f35
    :git: https://github.com/Morsel/RSKImageCropper
  SDWebImage:
    :commit: d086942f8e28819396a074494dd290c3a6ea8daa
    :git: https://github.com/Morsel/SDWebImage
  VCRURLConnection:
    :commit: aa0b0fcf0e112da363e9c63d6215b216ff604614
    :git: git@github.com:dstnbrkr/VCRURLConnection.git

SPEC CHECKSUMS:
  AFNetworking: 0f54cb5d16ce38c1b76948faffb8d5fb705021c7
  AFOAuth1Client: 59d3463209e4dcd93c0652e73a841a25862afbd0
  AFOAuth2Client: 9c2f21896a7cca9107c033296fcd6c019f181bae
  ALAssetsLibrary-CustomPhotoAlbum: 6c6e0dd2a8923de69aedd55c0ad5351fd500e685
  Bolts: 3db0a875235e0c9042b013af13af0f00f79b102c
  CocoaLumberjack: baf4a09a3bcbdfea3363556a90104e026d3504e2
  DateTools: 7c2d233ea2d4bda3a717d0cd5f58da926a5998d0
  Facebook-iOS-SDK: 0eda8ff7120aada0a9c5f98552f7625da6c3440a
  FLEX: 8e53751b915759215d77c7c72b1c7bd28665dac2
  GCPlaceholderTextView: d48f3558c8d71daaae65679275075592ca13e1c8
  GPUImage: cecb0830bb9428f50192042e3c7b53810f51388e
  JLRoutes: 3400fe314fc01c861a14ff7e183d209b0cd302ae
  KIF: 0a3c7440a32612498a114012e822b9d39b6432f1
  KIF-Kiwi: e1f2a0b3151d4864470d3d8223daeb3df32a4ab8
  Kiwi: 73e1400209055ee9c8ba78c6012b6b642d0fb9f7
  M13Checkbox: e87ebe28627368b1c6d2233282d711a3854dfe3f
  MagicalRecord: 2b471584fc9e3137f3d0a56967917baa4979e224
  Mixpanel: c075cedebda3328ce1ee29a18429e265ce967cd8
  NSData+Base64: aae92a2e3f0bd88b29fe6093551ded3f5c062548
  NullSafe: b429950c4289455a135075fd4c52e4d88b2d03fa
  NXOAuth2Client: fa81be68c9ce628202028ae037c9c92cfbb37865
  OAuthCore: 09d3c56dd3f64a61d1ffcbf103f28118ff8ca2e9
  OHHTTPStubs: 2038e929b6abb94881000524c1cb4aba0a1bb4a2
  RNActivityView: 473483482ef24f08a5eb6b98c8f04fd3a6a4f971
  Rollbar: ed31f0e7ba6829de843ae11a691958c0b4885eec
  RSKImageCropper: c8ba980263dda9c08714445bb0ee4b2cb6aa5eb6
  SDWebImage: ff5239e81afa8f9cc29552712cac071183529f66
  VCRURLConnection: 5cc98951bd44186e19f33b77dd9c714da2f74208
  XMLDictionary: 735e81b9a043e220b0d24e9d4f16719606f2e0fc

COCOAPODS: 0.35.0
