PODS:
  - AFNetworking (2.0.3):
    - AFNetworking/NSURLConnection
    - AFNetworking/NSURLSession
    - AFNetworking/Reachability
    - AFNetworking/Security
    - AFNetworking/Serialization
    - AFNetworking/UIKit
  - AFNetworking/NSURLConnection (2.0.3):
    - AFNetworking/Reachability
    - AFNetworking/Security
    - AFNetworking/Serialization
  - AFNetworking/NSURLSession (2.0.3):
    - AFNetworking/NSURLConnection
  - AFNetworking/Reachability (2.0.3)
  - AFNetworking/Security (2.0.3)
  - AFNetworking/Serialization (2.0.3)
  - AFNetworking/UIKit (2.0.3):
    - AFNetworking/NSURLConnection
  - AFOAuth1Client (0.3.4):
    - AFNetworking (~> 2.1)
  - ALAssetsLibrary-CustomPhotoAlbum (1.1.5)
  - Bolts (1.1.0)
  - CocoaLumberjack (1.6.5.1):
    - CocoaLumberjack/Core
    - CocoaLumberjack/Extensions
  - CocoaLumberjack/Core (1.6.5.1)
  - CocoaLumberjack/Extensions (1.6.5.1):
    - CocoaLumberjack/Core
  - ELCImagePickerController (0.2.0)
  - Facebook-iOS-SDK (3.14.0):
    - Bolts
  - GCPlaceholderTextView (1.0.1)
  - JLRoutes (1.5)
  - KIF (2.0.0)
  - Kiwi-KIF/XCTest (1.0.1):
    - KIF (~> 2.0.0)
    - Kiwi/XCTest (~> 2.2.3)
  - Kiwi/ARC (HEAD based on 2.2.3)
  - Kiwi/NonARC (HEAD based on 2.2.3)
  - Kiwi/XCTest (HEAD based on 2.2.3):
    - Kiwi/ARC
    - Kiwi/NonARC
  - MagicalRecord (2.2):
    - MagicalRecord/Core
  - MagicalRecord/Core (2.2)
  - Mixpanel (2.3.1)
  - NSData+Base64 (1.0.0)
  - NSDate+TimeAgo (1.0.2)
  - NullSafe (1.2)
  - OAuthCore (0.0.1):
    - NSData+Base64
  - OHHTTPStubs (3.1.0)
  - SDWebImage (3.6):
    - SDWebImage/Core
  - SDWebImage/Core (3.6)
  - TestFlightSDK (3.0.0)

DEPENDENCIES:
  - AFNetworking (~> 2.0)
  - AFOAuth1Client (from `https://github.com/Morsel/AFOAuth1Client`)
  - ALAssetsLibrary-CustomPhotoAlbum (~> 1.1)
  - CocoaLumberjack (~> 1.6.5.1)
  - ELCImagePickerController (~> 0.2)
  - Facebook-iOS-SDK (~> 3.14)
  - GCPlaceholderTextView (= 1.0.1)
  - JLRoutes (~> 1.5)
  - Kiwi-KIF/XCTest (~> 1.0.1)
  - Kiwi/XCTest (HEAD)
  - MagicalRecord (~> 2.2)
  - Mixpanel (~> 2.3.1)
  - NSDate+TimeAgo (~> 1.0.2)
  - NullSafe (~> 1.2)
  - OAuthCore (~> 0.0.1)
  - OHHTTPStubs (~> 3.1.0)
  - SDWebImage (~> 3.6)
  - TestFlightSDK (~> 3.0)

EXTERNAL SOURCES:
  AFOAuth1Client:
    :git: https://github.com/Morsel/AFOAuth1Client

SPEC CHECKSUMS:
  AFNetworking: e499052cbf3d743e9bb727bb37adb9dc2547ba15
  AFOAuth1Client: 0e47493d961445520e688f795944f9b8995a14d2
  ALAssetsLibrary-CustomPhotoAlbum: 1a60eddafc065a5f1e05786f7850448d8cf2cbf5
  Bolts: dc620a31cf67c29bce3e3d14a07a12e797a1a154
  CocoaLumberjack: 17803afbade3126a377d32b8d23367264b44ced6
  ELCImagePickerController: 1baf64fadfe088550c16f82225469e4dfad917e2
  Facebook-iOS-SDK: 63e19ff8d275d63b765819f492a4e71e445f9822
  GCPlaceholderTextView: 8f0e4cb4b93827c9ec8d9bf9e850bbd328d1db0b
  JLRoutes: 377be327c3070c5b7131e4fc3debdbe0fd704939
  KIF: c01fb8fb593cf8ffeeb69ed8d402ce88143e0697
  Kiwi: 04c51e880831d291748ec702d42c4101f7eb95c9
  Kiwi-KIF: b5391f7f57e91f43fdb2d4227d64277a67cf9e09
  MagicalRecord: 95d49d74ef752cd52f6ad87bcb474817fc3978cf
  Mixpanel: 8d189c58bcaac429de9cb4f18a54621df99b7e38
  NSData+Base64: bd5dacbc799c0339bd6a961a9ea80dd6eba11b33
  NSDate+TimeAgo: fe93d3042e83093ae3630bc47ae7d57f782733f6
  NullSafe: b0389fab0a39b1722fb30227cd80a3a203924c09
  OAuthCore: 946cd0ac34bbb32d79b69e65417568e4b7ee8e9e
  OHHTTPStubs: d67c42c0212f0883ddb8592375aa0dc00dc50a36
  SDWebImage: 7eb273e54ca8a2e506ad9bd5e80c35b2a4d7c95e
  TestFlightSDK: fe0567a897456b6f65b180541892ef0154986e01

COCOAPODS: 0.32.1
