PODS:
  - AFNetworking (2.4.1):
    - AFNetworking/NSURLConnection
    - AFNetworking/NSURLSession
    - AFNetworking/Reachability
    - AFNetworking/Security
    - AFNetworking/Serialization
    - AFNetworking/UIKit
  - AFNetworking/NSURLConnection (2.4.1):
    - AFNetworking/Reachability
    - AFNetworking/Security
    - AFNetworking/Serialization
  - AFNetworking/NSURLSession (2.4.1):
    - AFNetworking/Reachability
    - AFNetworking/Security
    - AFNetworking/Serialization
  - AFNetworking/Reachability (2.4.1)
  - AFNetworking/Security (2.4.1)
  - AFNetworking/Serialization (2.4.1)
  - AFNetworking/UIKit (2.4.1):
    - AFNetworking/NSURLConnection
    - AFNetworking/NSURLSession
  - AFOAuth1Client (0.3.4):
    - AFNetworking (>= 2.0.3)
  - AFOAuth2Client (0.1.1):
    - AFNetworking (>= 2.0.3)
  - ALAssetsLibrary-CustomPhotoAlbum (1.1.5)
  - Bolts (1.1.2)
  - CocoaLumberjack (1.6.5.1):
    - CocoaLumberjack/Core
    - CocoaLumberjack/Extensions
  - CocoaLumberjack/Core (1.6.5.1)
  - CocoaLumberjack/Extensions (1.6.5.1):
    - CocoaLumberjack/Core
  - ELCImagePickerController (0.2.0)
  - Facebook-iOS-SDK (3.17.0):
    - Bolts
  - GCPlaceholderTextView (1.0.1)
  - GPUImage (0.1.4)
  - JLRoutes (1.5)
  - KIF (2.0.0)
  - Kiwi-KIF/XCTest (1.0.1):
    - KIF (~> 2.0.0)
    - Kiwi/XCTest (~> 2.2.3)
  - Kiwi/ARC (2.2.4)
  - Kiwi/ARC (HEAD based on 2.2.4)
  - Kiwi/NonARC (2.2.4)
  - Kiwi/NonARC (HEAD based on 2.2.4)
  - Kiwi/XCTest (2.2.4):
    - Kiwi/ARC
    - Kiwi/NonARC
  - Kiwi/XCTest (HEAD based on 2.2.4):
    - Kiwi/ARC
    - Kiwi/NonARC
  - M13Checkbox (1.1.0)
  - MagicalRecord (2.2):
    - MagicalRecord/Core
  - MagicalRecord/Core (2.2)
  - Mixpanel (2.3.1)
  - NSData+Base64 (1.0.0)
  - NSDate+TimeAgo (1.0.2)
  - NullSafe (1.2)
  - NXOAuth2Client (1.2.6)
  - OAuthCore (0.0.1):
    - NSData+Base64
  - OHHTTPStubs (3.1.4)
  - SDWebImage (3.7.1):
    - SDWebImage/Core
  - SDWebImage/Core (3.7.1)
  - VCRURLConnection (0.2.0)
  - XMLDictionary (1.4)

DEPENDENCIES:
  - AFNetworking (~> 2.4)
  - AFOAuth1Client (from `https://github.com/Morsel/AFOAuth1Client`)
  - AFOAuth2Client (from `https://github.com/Morsel/AFOAuth2Client`)
  - ALAssetsLibrary-CustomPhotoAlbum (= 1.1.5)
  - CocoaLumberjack (= 1.6.5.1)
  - ELCImagePickerController (= 0.2)
  - Facebook-iOS-SDK (= 3.17)
  - GCPlaceholderTextView (= 1.0.1)
  - GPUImage (from `git@github.com:BradLarson/GPUImage.git`, tag `0.1.5`)
  - JLRoutes (= 1.5)
  - Kiwi-KIF/XCTest (= 1.0.1)
  - Kiwi/XCTest (HEAD)
  - M13Checkbox (from `git@github.com:Marxon13/M13Checkbox.git`, commit `8c3a6f167e0f602dd47928492ef3777e604be66b`)
  - MagicalRecord (= 2.2)
  - Mixpanel (= 2.3.1)
  - NSDate+TimeAgo (= 1.0.2)
  - NullSafe (= 1.2)
  - NXOAuth2Client (= 1.2.6)
  - OAuthCore (= 0.0.1)
  - OHHTTPStubs (= 3.1.4)
  - SDWebImage (from `https://github.com/Morsel/SDWebImage`)
  - VCRURLConnection (from `git@github.com:dstnbrkr/VCRURLConnection.git`, commit `aa0b0fcf0e112da363e9c63d6215b216ff604614`)
  - XMLDictionary (= 1.4)

EXTERNAL SOURCES:
  AFOAuth1Client:
    :git: https://github.com/Morsel/AFOAuth1Client
  AFOAuth2Client:
    :git: https://github.com/Morsel/AFOAuth2Client
  GPUImage:
    :git: git@github.com:BradLarson/GPUImage.git
    :tag: 0.1.5
  M13Checkbox:
    :commit: 8c3a6f167e0f602dd47928492ef3777e604be66b
    :git: git@github.com:Marxon13/M13Checkbox.git
  SDWebImage:
    :git: https://github.com/Morsel/SDWebImage
  VCRURLConnection:
    :commit: aa0b0fcf0e112da363e9c63d6215b216ff604614
    :git: git@github.com:dstnbrkr/VCRURLConnection.git

SPEC CHECKSUMS:
  AFNetworking: 0aabc6fae66d6e5d039eeb21c315843c7aae51ab
  AFOAuth1Client: 59d3463209e4dcd93c0652e73a841a25862afbd0
  AFOAuth2Client: 9c2f21896a7cca9107c033296fcd6c019f181bae
  ALAssetsLibrary-CustomPhotoAlbum: 785e1852efacd51235dd8dd19a8a467196fdeafa
  Bolts: 2635e8698a630774689441047f3465d78c48d485
  CocoaLumberjack: baf4a09a3bcbdfea3363556a90104e026d3504e2
  ELCImagePickerController: 4dc83bb6ce995f4964b0080d77ad5a01141e6db2
  Facebook-iOS-SDK: f20274d809f112ba540842e2b6cbe50128d51b7b
  GCPlaceholderTextView: d48f3558c8d71daaae65679275075592ca13e1c8
  GPUImage: f9b32e12350792a630e596ffc7b050bea3662670
  JLRoutes: 1a32dbc34b8af9c2a0174c4799afdc72ad5fe447
  KIF: 45369d4a30f5ac140be8267f31f637b9d2a239f4
  Kiwi: c73667f2b84cbf36f1a3830267c5a4ae8dcbd8ba
  Kiwi-KIF: c8731acc48d55258ca39810868043d88fc467848
  M13Checkbox: 4223ca1325bd4fefacf92ae616eb52341a98dce0
  MagicalRecord: 2b471584fc9e3137f3d0a56967917baa4979e224
  Mixpanel: 9cc470a58346f60da8ce2982096bcc72b5a7372b
  NSData+Base64: aae92a2e3f0bd88b29fe6093551ded3f5c062548
  NSDate+TimeAgo: c01d6ac0b81add41f77f264fa4276d355723fcde
  NullSafe: 9685bb76b0fa73cab04a69c176622662d46f0160
  NXOAuth2Client: f9a3efde1cce92c92fd1518070caf305bd363ef4
  OAuthCore: 09d3c56dd3f64a61d1ffcbf103f28118ff8ca2e9
  OHHTTPStubs: 398901e787d9b62ce539a8a3df0b81431a98236a
  SDWebImage: ff5239e81afa8f9cc29552712cac071183529f66
  VCRURLConnection: 5cc98951bd44186e19f33b77dd9c714da2f74208
  XMLDictionary: 735e81b9a043e220b0d24e9d4f16719606f2e0fc

COCOAPODS: 0.33.1
